
Microsoft Visual Studio Solution File, Format Version 12.00
# Visual Studio 2013
VisualStudioVersion = 12.0.31101.0
MinimumVisualStudioVersion = 10.0.40219.1
Project("{FAE04EC0-301F-11D3-BF4B-00C04F79EFBC}") = "Risk - Typescript", "Risk - Typescript\Risk - Typescript.csproj", "{A33D893B-1AEB-4E3C-9559-B6BF19D7F527}"
EndProject
Project("{2150E333-8FDC-42A3-9474-1A3956D46DE8}") = "Solution Items", "Solution Items", "{45C4F713-B43A-4D92-AD1D-A5E9AEB43B62}"
EndProject
Global
	GlobalSection(SolutionConfigurationPlatforms) = preSolution
		Debug|Any CPU = Debug|Any CPU
		Release|Any CPU = Release|Any CPU
	EndGlobalSection
	GlobalSection(ProjectConfigurationPlatforms) = postSolution
		{A33D893B-1AEB-4E3C-9559-B6BF19D7F527}.Debug|Any CPU.ActiveCfg = Debug|Any CPU
		{A33D893B-1AEB-4E3C-9559-B6BF19D7F527}.Debug|Any CPU.Build.0 = Debug|Any CPU
		{A33D893B-1AEB-4E3C-9559-B6BF19D7F527}.Release|Any CPU.ActiveCfg = Release|Any CPU
		{A33D893B-1AEB-4E3C-9559-B6BF19D7F527}.Release|Any CPU.Build.0 = Release|Any CPU
	EndGlobalSection
	GlobalSection(SolutionProperties) = preSolution
		HideSolutionNode = FALSE
	EndGlobalSection
EndGlobal
